
Microsoft Visual Studio Solution File, Format Version 12.00
# Visual Studio 15
VisualStudioVersion = 15.0.27130.2036
MinimumVisualStudioVersion = 10.0.40219.1
Project("{FAE04EC0-301F-11D3-BF4B-00C04F79EFBC}") = "AddressBook", "AddressBook\AddressBook.csproj", "{5060A06B-988D-4E6B-B641-3509214C066B}"
EndProject
Global
	GlobalSection(SolutionConfigurationPlatforms) = preSolution
		Debug|Any CPU = Debug|Any CPU
		Release|Any CPU = Release|Any CPU
	EndGlobalSection
	GlobalSection(ProjectConfigurationPlatforms) = postSolution
		{5060A06B-988D-4E6B-B641-3509214C066B}.Debug|Any CPU.ActiveCfg = Debug|Any CPU
		{5060A06B-988D-4E6B-B641-3509214C066B}.Debug|Any CPU.Build.0 = Debug|Any CPU
		{5060A06B-988D-4E6B-B641-3509214C066B}.Release|Any CPU.ActiveCfg = Release|Any CPU
		{5060A06B-988D-4E6B-B641-3509214C066B}.Release|Any CPU.Build.0 = Release|Any CPU
	EndGlobalSection
	GlobalSection(SolutionProperties) = preSolution
		HideSolutionNode = FALSE
	EndGlobalSection
	GlobalSection(ExtensibilityGlobals) = postSolution
		SolutionGuid = {4A4C6835-319F-4466-B3F2-5E8228A1A6A2}
	EndGlobalSection
EndGlobal
